
Microsoft Visual Studio Solution File, Format Version 12.00
# Visual Studio Version 17
VisualStudioVersion = 17.14.36414.22 d17.14
MinimumVisualStudioVersion = 10.0.40219.1
Project("{FAE04EC0-301F-11D3-BF4B-00C04F79EFBC}") = "BookMyTurfwebservices", "BookMyTurfwebservices.csproj", "{605C64D1-A688-4031-8281-C3742C65DAB9}"
EndProject
Global
	GlobalSection(SolutionConfigurationPlatforms) = preSolution
		Debug|Any CPU = Debug|Any CPU
		Release|Any CPU = Release|Any CPU
	EndGlobalSection
	GlobalSection(ProjectConfigurationPlatforms) = postSolution
		{605C64D1-A688-4031-8281-C3742C65DAB9}.Debug|Any CPU.ActiveCfg = Debug|Any CPU
		{605C64D1-A688-4031-8281-C3742C65DAB9}.Debug|Any CPU.Build.0 = Debug|Any CPU
		{605C64D1-A688-4031-8281-C3742C65DAB9}.Release|Any CPU.ActiveCfg = Release|Any CPU
		{605C64D1-A688-4031-8281-C3742C65DAB9}.Release|Any CPU.Build.0 = Release|Any CPU
	EndGlobalSection
	GlobalSection(SolutionProperties) = preSolution
		HideSolutionNode = FALSE
	EndGlobalSection
	GlobalSection(ExtensibilityGlobals) = postSolution
		SolutionGuid = {41F373A5-0D6D-45B6-B45C-7469B984C559}
	EndGlobalSection
EndGlobal
